// !$*UTF8*$!
{
	archiveVersion = 1;
	classes = {
	};
	objectVersion = 50;
	objects = {

/* Begin PBXBuildFile section */
		0937F57C2189229300A616C4 /* Person.swift in Sources */ = {isa = PBXBuildFile; fileRef = 0937F57B2189229300A616C4 /* Person.swift */; };
		0937F57E2189230200A616C4 /* Planet.swift in Sources */ = {isa = PBXBuildFile; fileRef = 0937F57D2189230200A616C4 /* Planet.swift */; };
		0937F580218924F300A616C4 /* Starship.swift in Sources */ = {isa = PBXBuildFile; fileRef = 0937F57F218924F300A616C4 /* Starship.swift */; };
		0937F582218926FB00A616C4 /* Vehicle.swift in Sources */ = {isa = PBXBuildFile; fileRef = 0937F581218926FB00A616C4 /* Vehicle.swift */; };
		0937F584218929F200A616C4 /* Stub.swift in Sources */ = {isa = PBXBuildFile; fileRef = 0937F583218929F200A616C4 /* Stub.swift */; };
		0937F58721892C2A00A616C4 /* people.json in Resources */ = {isa = PBXBuildFile; fileRef = 0937F58621892C2A00A616C4 /* people.json */; };
		0937F58921892C8100A616C4 /* starships.json in Resources */ = {isa = PBXBuildFile; fileRef = 0937F58821892C8100A616C4 /* starships.json */; };
		0937F58B21892CBC00A616C4 /* vehicles.json in Resources */ = {isa = PBXBuildFile; fileRef = 0937F58A21892CBC00A616C4 /* vehicles.json */; };
		0937F58D218955CC00A616C4 /* Category.swift in Sources */ = {isa = PBXBuildFile; fileRef = 0937F58C218955CC00A616C4 /* Category.swift */; };
		0937F58F2189587700A616C4 /* CategoryController.swift in Sources */ = {isa = PBXBuildFile; fileRef = 0937F58E2189587700A616C4 /* CategoryController.swift */; };
		0937F592218A23C100A616C4 /* ResourcePickerDataSource.swift in Sources */ = {isa = PBXBuildFile; fileRef = 0937F591218A23C100A616C4 /* ResourcePickerDataSource.swift */; };
		0937F594218A241900A616C4 /* Resource.swift in Sources */ = {isa = PBXBuildFile; fileRef = 0937F593218A241900A616C4 /* Resource.swift */; };
		0937F59A218A36BE00A616C4 /* PersonViewModel.swift in Sources */ = {isa = PBXBuildFile; fileRef = 0937F599218A36BE00A616C4 /* PersonViewModel.swift */; };
		0937F59F218A578300A616C4 /* StarshipViewModel.swift in Sources */ = {isa = PBXBuildFile; fileRef = 0937F59E218A578300A616C4 /* StarshipViewModel.swift */; };
		0937F5A9218A664500A616C4 /* MeasurableViewModel.swift in Sources */ = {isa = PBXBuildFile; fileRef = 0937F5A8218A664500A616C4 /* MeasurableViewModel.swift */; };
		0937F5AB218A75F300A616C4 /* Measurable.swift in Sources */ = {isa = PBXBuildFile; fileRef = 0937F5AA218A75F300A616C4 /* Measurable.swift */; };
		0937F5AD218A7E7200A616C4 /* Priceable.swift in Sources */ = {isa = PBXBuildFile; fileRef = 0937F5AC218A7E7200A616C4 /* Priceable.swift */; };
		0937F5AF218A7F3900A616C4 /* PriceableViewModel.swift in Sources */ = {isa = PBXBuildFile; fileRef = 0937F5AE218A7F3900A616C4 /* PriceableViewModel.swift */; };
		0937F5B1218A839100A616C4 /* VehicleViewModel.swift in Sources */ = {isa = PBXBuildFile; fileRef = 0937F5B0218A839100A616C4 /* VehicleViewModel.swift */; };
		0937F5B4218AB82300A616C4 /* NumberTextFieldDelegate.swift in Sources */ = {isa = PBXBuildFile; fileRef = 0937F5B3218AB82300A616C4 /* NumberTextFieldDelegate.swift */; };
		099CFD962187D64300DAA3BB /* AppDelegate.swift in Sources */ = {isa = PBXBuildFile; fileRef = 099CFD952187D64300DAA3BB /* AppDelegate.swift */; };
		099CFD982187D64300DAA3BB /* ViewController.swift in Sources */ = {isa = PBXBuildFile; fileRef = 099CFD972187D64300DAA3BB /* ViewController.swift */; };
		099CFD9B2187D64300DAA3BB /* Main.storyboard in Resources */ = {isa = PBXBuildFile; fileRef = 099CFD992187D64300DAA3BB /* Main.storyboard */; };
		099CFD9D2187D64400DAA3BB /* Assets.xcassets in Resources */ = {isa = PBXBuildFile; fileRef = 099CFD9C2187D64400DAA3BB /* Assets.xcassets */; };
		099CFDA02187D64400DAA3BB /* LaunchScreen.storyboard in Resources */ = {isa = PBXBuildFile; fileRef = 099CFD9E2187D64400DAA3BB /* LaunchScreen.storyboard */; };
		099CFDAD2188FCC200DAA3BB /* StatsController.swift in Sources */ = {isa = PBXBuildFile; fileRef = 099CFDAC2188FCC200DAA3BB /* StatsController.swift */; };
		09A4E35421A37F0700793F37 /* Endpoint.swift in Sources */ = {isa = PBXBuildFile; fileRef = 09A4E35321A37F0700793F37 /* Endpoint.swift */; };
		09A4E35921A3BE9D00793F37 /* SwapiClient.swift in Sources */ = {isa = PBXBuildFile; fileRef = 09A4E35821A3BE9D00793F37 /* SwapiClient.swift */; };
		09A4E35B21A3C06C00793F37 /* SwapiError.swift in Sources */ = {isa = PBXBuildFile; fileRef = 09A4E35A21A3C06C00793F37 /* SwapiError.swift */; };
		09A4E35F21A3C71D00793F37 /* Page.swift in Sources */ = {isa = PBXBuildFile; fileRef = 09A4E35E21A3C71D00793F37 /* Page.swift */; };
		09A4E36121A4A02500793F37 /* Cache.swift in Sources */ = {isa = PBXBuildFile; fileRef = 09A4E36021A4A02500793F37 /* Cache.swift */; };
		09A4E36321A4AF0900793F37 /* DownloadManager.swift in Sources */ = {isa = PBXBuildFile; fileRef = 09A4E36221A4AF0900793F37 /* DownloadManager.swift */; };
		09E622A8218B716D00CFD5DC /* UITextFieldExtension.swift in Sources */ = {isa = PBXBuildFile; fileRef = 09E622A7218B716D00CFD5DC /* UITextFieldExtension.swift */; };
		09E622AE218B79BE00CFD5DC /* KeyboardManager.swift in Sources */ = {isa = PBXBuildFile; fileRef = 09E622AD218B79BE00CFD5DC /* KeyboardManager.swift */; };
/* End PBXBuildFile section */

/* Begin PBXFileReference section */
		0937F57B2189229300A616C4 /* Person.swift */ = {isa = PBXFileReference; lastKnownFileType = sourcecode.swift; path = Person.swift; sourceTree = "<group>"; };
		0937F57D2189230200A616C4 /* Planet.swift */ = {isa = PBXFileReference; lastKnownFileType = sourcecode.swift; path = Planet.swift; sourceTree = "<group>"; };
		0937F57F218924F300A616C4 /* Starship.swift */ = {isa = PBXFileReference; lastKnownFileType = sourcecode.swift; path = Starship.swift; sourceTree = "<group>"; };
		0937F581218926FB00A616C4 /* Vehicle.swift */ = {isa = PBXFileReference; lastKnownFileType = sourcecode.swift; path = Vehicle.swift; sourceTree = "<group>"; };
		0937F583218929F200A616C4 /* Stub.swift */ = {isa = PBXFileReference; lastKnownFileType = sourcecode.swift; path = Stub.swift; sourceTree = "<group>"; };
		0937F58621892C2A00A616C4 /* people.json */ = {isa = PBXFileReference; lastKnownFileType = text.json; path = people.json; sourceTree = "<group>"; };
		0937F58821892C8100A616C4 /* starships.json */ = {isa = PBXFileReference; lastKnownFileType = text.json; path = starships.json; sourceTree = "<group>"; };
		0937F58A21892CBC00A616C4 /* vehicles.json */ = {isa = PBXFileReference; lastKnownFileType = text.json; path = vehicles.json; sourceTree = "<group>"; };
		0937F58C218955CC00A616C4 /* Category.swift */ = {isa = PBXFileReference; lastKnownFileType = sourcecode.swift; path = Category.swift; sourceTree = "<group>"; };
		0937F58E2189587700A616C4 /* CategoryController.swift */ = {isa = PBXFileReference; lastKnownFileType = sourcecode.swift; path = CategoryController.swift; sourceTree = "<group>"; };
		0937F591218A23C100A616C4 /* ResourcePickerDataSource.swift */ = {isa = PBXFileReference; lastKnownFileType = sourcecode.swift; path = ResourcePickerDataSource.swift; sourceTree = "<group>"; };
		0937F593218A241900A616C4 /* Resource.swift */ = {isa = PBXFileReference; lastKnownFileType = sourcecode.swift; path = Resource.swift; sourceTree = "<group>"; };
		0937F599218A36BE00A616C4 /* PersonViewModel.swift */ = {isa = PBXFileReference; lastKnownFileType = sourcecode.swift; path = PersonViewModel.swift; sourceTree = "<group>"; };
		0937F59E218A578300A616C4 /* StarshipViewModel.swift */ = {isa = PBXFileReference; lastKnownFileType = sourcecode.swift; path = StarshipViewModel.swift; sourceTree = "<group>"; };
		0937F5A8218A664500A616C4 /* MeasurableViewModel.swift */ = {isa = PBXFileReference; lastKnownFileType = sourcecode.swift; path = MeasurableViewModel.swift; sourceTree = "<group>"; };
		0937F5AA218A75F300A616C4 /* Measurable.swift */ = {isa = PBXFileReference; lastKnownFileType = sourcecode.swift; path = Measurable.swift; sourceTree = "<group>"; };
		0937F5AC218A7E7200A616C4 /* Priceable.swift */ = {isa = PBXFileReference; lastKnownFileType = sourcecode.swift; path = Priceable.swift; sourceTree = "<group>"; };
		0937F5AE218A7F3900A616C4 /* PriceableViewModel.swift */ = {isa = PBXFileReference; lastKnownFileType = sourcecode.swift; path = PriceableViewModel.swift; sourceTree = "<group>"; };
		0937F5B0218A839100A616C4 /* VehicleViewModel.swift */ = {isa = PBXFileReference; lastKnownFileType = sourcecode.swift; path = VehicleViewModel.swift; sourceTree = "<group>"; };
		0937F5B3218AB82300A616C4 /* NumberTextFieldDelegate.swift */ = {isa = PBXFileReference; lastKnownFileType = sourcecode.swift; path = NumberTextFieldDelegate.swift; sourceTree = "<group>"; };
		099CFD922187D64300DAA3BB /* TheApiAwakens.app */ = {isa = PBXFileReference; explicitFileType = wrapper.application; includeInIndex = 0; path = TheApiAwakens.app; sourceTree = BUILT_PRODUCTS_DIR; };
		099CFD952187D64300DAA3BB /* AppDelegate.swift */ = {isa = PBXFileReference; lastKnownFileType = sourcecode.swift; path = AppDelegate.swift; sourceTree = "<group>"; };
		099CFD972187D64300DAA3BB /* ViewController.swift */ = {isa = PBXFileReference; lastKnownFileType = sourcecode.swift; path = ViewController.swift; sourceTree = "<group>"; };
		099CFD9A2187D64300DAA3BB /* Base */ = {isa = PBXFileReference; lastKnownFileType = file.storyboard; name = Base; path = Base.lproj/Main.storyboard; sourceTree = "<group>"; };
		099CFD9C2187D64400DAA3BB /* Assets.xcassets */ = {isa = PBXFileReference; lastKnownFileType = folder.assetcatalog; path = Assets.xcassets; sourceTree = "<group>"; };
		099CFD9F2187D64400DAA3BB /* Base */ = {isa = PBXFileReference; lastKnownFileType = file.storyboard; name = Base; path = Base.lproj/LaunchScreen.storyboard; sourceTree = "<group>"; };
		099CFDA12187D64400DAA3BB /* Info.plist */ = {isa = PBXFileReference; lastKnownFileType = text.plist.xml; path = Info.plist; sourceTree = "<group>"; };
		099CFDAC2188FCC200DAA3BB /* StatsController.swift */ = {isa = PBXFileReference; lastKnownFileType = sourcecode.swift; path = StatsController.swift; sourceTree = "<group>"; };
		09A4E35321A37F0700793F37 /* Endpoint.swift */ = {isa = PBXFileReference; lastKnownFileType = sourcecode.swift; path = Endpoint.swift; sourceTree = "<group>"; };
		09A4E35821A3BE9D00793F37 /* SwapiClient.swift */ = {isa = PBXFileReference; lastKnownFileType = sourcecode.swift; path = SwapiClient.swift; sourceTree = "<group>"; };
		09A4E35A21A3C06C00793F37 /* SwapiError.swift */ = {isa = PBXFileReference; lastKnownFileType = sourcecode.swift; path = SwapiError.swift; sourceTree = "<group>"; };
		09A4E35E21A3C71D00793F37 /* Page.swift */ = {isa = PBXFileReference; lastKnownFileType = sourcecode.swift; path = Page.swift; sourceTree = "<group>"; };
		09A4E36021A4A02500793F37 /* Cache.swift */ = {isa = PBXFileReference; lastKnownFileType = sourcecode.swift; path = Cache.swift; sourceTree = "<group>"; };
		09A4E36221A4AF0900793F37 /* DownloadManager.swift */ = {isa = PBXFileReference; lastKnownFileType = sourcecode.swift; path = DownloadManager.swift; sourceTree = "<group>"; };
		09E622A7218B716D00CFD5DC /* UITextFieldExtension.swift */ = {isa = PBXFileReference; lastKnownFileType = sourcecode.swift; path = UITextFieldExtension.swift; sourceTree = "<group>"; };
		09E622AD218B79BE00CFD5DC /* KeyboardManager.swift */ = {isa = PBXFileReference; lastKnownFileType = sourcecode.swift; path = KeyboardManager.swift; sourceTree = "<group>"; };
/* End PBXFileReference section */

/* Begin PBXFrameworksBuildPhase section */
		099CFD8F2187D64300DAA3BB /* Frameworks */ = {
			isa = PBXFrameworksBuildPhase;
			buildActionMask = 2147483647;
			files = (
			);
			runOnlyForDeploymentPostprocessing = 0;
		};
/* End PBXFrameworksBuildPhase section */

/* Begin PBXGroup section */
		0937F58521892C0500A616C4 /* ExampleJson */ = {
			isa = PBXGroup;
			children = (
				0937F58621892C2A00A616C4 /* people.json */,
				0937F58821892C8100A616C4 /* starships.json */,
				0937F58A21892CBC00A616C4 /* vehicles.json */,
			);
			path = ExampleJson;
			sourceTree = "<group>";
		};
		0937F590218A22E800A616C4 /* DataSources */ = {
			isa = PBXGroup;
			children = (
				0937F591218A23C100A616C4 /* ResourcePickerDataSource.swift */,
			);
			path = DataSources;
			sourceTree = "<group>";
		};
		0937F598218A368A00A616C4 /* ViewModels */ = {
			isa = PBXGroup;
			children = (
				0937F599218A36BE00A616C4 /* PersonViewModel.swift */,
				0937F59E218A578300A616C4 /* StarshipViewModel.swift */,
				0937F5A8218A664500A616C4 /* MeasurableViewModel.swift */,
				0937F5AE218A7F3900A616C4 /* PriceableViewModel.swift */,
				0937F5B0218A839100A616C4 /* VehicleViewModel.swift */,
			);
			path = ViewModels;
			sourceTree = "<group>";
		};
		0937F5B2218AB7ED00A616C4 /* Delegates */ = {
			isa = PBXGroup;
			children = (
				0937F5B3218AB82300A616C4 /* NumberTextFieldDelegate.swift */,
			);
			path = Delegates;
			sourceTree = "<group>";
		};
		099CFD892187D64300DAA3BB = {
			isa = PBXGroup;
			children = (
				099CFD942187D64300DAA3BB /* TheApiAwakens */,
				099CFD932187D64300DAA3BB /* Products */,
			);
			sourceTree = "<group>";
		};
		099CFD932187D64300DAA3BB /* Products */ = {
			isa = PBXGroup;
			children = (
				099CFD922187D64300DAA3BB /* TheApiAwakens.app */,
			);
			name = Products;
			sourceTree = "<group>";
		};
		099CFD942187D64300DAA3BB /* TheApiAwakens */ = {
			isa = PBXGroup;
			children = (
				09A4E35521A3BD8100793F37 /* Networking */,
				09E622AC218B795500CFD5DC /* Utils */,
				09E622A6218B714E00CFD5DC /* Extensions */,
				0937F598218A368A00A616C4 /* ViewModels */,
				0937F5B2218AB7ED00A616C4 /* Delegates */,
				0937F590218A22E800A616C4 /* DataSources */,
				099CFDA92187E46F00DAA3BB /* Views */,
				099CFDA82187E44100DAA3BB /* Models */,
				099CFDA72187E43900DAA3BB /* Controllers */,
				099CFD952187D64300DAA3BB /* AppDelegate.swift */,
				099CFD992187D64300DAA3BB /* Main.storyboard */,
				099CFD9C2187D64400DAA3BB /* Assets.xcassets */,
				099CFD9E2187D64400DAA3BB /* LaunchScreen.storyboard */,
				099CFDA12187D64400DAA3BB /* Info.plist */,
			);
			path = TheApiAwakens;
			sourceTree = "<group>";
		};
		099CFDA72187E43900DAA3BB /* Controllers */ = {
			isa = PBXGroup;
			children = (
				099CFD972187D64300DAA3BB /* ViewController.swift */,
				0937F58E2189587700A616C4 /* CategoryController.swift */,
				099CFDAC2188FCC200DAA3BB /* StatsController.swift */,
			);
			path = Controllers;
			sourceTree = "<group>";
		};
		099CFDA82187E44100DAA3BB /* Models */ = {
			isa = PBXGroup;
			children = (
				09A4E35221A37E7300793F37 /* Endpoint */,
				0937F58521892C0500A616C4 /* ExampleJson */,
				0937F57B2189229300A616C4 /* Person.swift */,
				0937F57D2189230200A616C4 /* Planet.swift */,
				0937F57F218924F300A616C4 /* Starship.swift */,
				0937F581218926FB00A616C4 /* Vehicle.swift */,
				0937F583218929F200A616C4 /* Stub.swift */,
				0937F58C218955CC00A616C4 /* Category.swift */,
				0937F593218A241900A616C4 /* Resource.swift */,
				0937F5AA218A75F300A616C4 /* Measurable.swift */,
				0937F5AC218A7E7200A616C4 /* Priceable.swift */,
				09A4E35E21A3C71D00793F37 /* Page.swift */,
				09A4E36021A4A02500793F37 /* Cache.swift */,
			);
			path = Models;
			sourceTree = "<group>";
		};
		099CFDA92187E46F00DAA3BB /* Views */ = {
			isa = PBXGroup;
			children = (
			);
			path = Views;
			sourceTree = "<group>";
		};
		09A4E35221A37E7300793F37 /* Endpoint */ = {
			isa = PBXGroup;
			children = (
				09A4E35321A37F0700793F37 /* Endpoint.swift */,
			);
			path = Endpoint;
			sourceTree = "<group>";
		};
		09A4E35521A3BD8100793F37 /* Networking */ = {
			isa = PBXGroup;
			children = (
				09A4E35821A3BE9D00793F37 /* SwapiClient.swift */,
				09A4E35A21A3C06C00793F37 /* SwapiError.swift */,
				09A4E36221A4AF0900793F37 /* DownloadManager.swift */,
			);
			path = Networking;
			sourceTree = "<group>";
		};
		09E622A6218B714E00CFD5DC /* Extensions */ = {
			isa = PBXGroup;
			children = (
				09E622A7218B716D00CFD5DC /* UITextFieldExtension.swift */,
			);
			path = Extensions;
			sourceTree = "<group>";
		};
		09E622AC218B795500CFD5DC /* Utils */ = {
			isa = PBXGroup;
			children = (
				09E622AD218B79BE00CFD5DC /* KeyboardManager.swift */,
			);
			path = Utils;
			sourceTree = "<group>";
		};
/* End PBXGroup section */

/* Begin PBXNativeTarget section */
		099CFD912187D64300DAA3BB /* TheApiAwakens */ = {
			isa = PBXNativeTarget;
			buildConfigurationList = 099CFDA42187D64400DAA3BB /* Build configuration list for PBXNativeTarget "TheApiAwakens" */;
			buildPhases = (
				099CFD8E2187D64300DAA3BB /* Sources */,
				099CFD8F2187D64300DAA3BB /* Frameworks */,
				099CFD902187D64300DAA3BB /* Resources */,
			);
			buildRules = (
			);
			dependencies = (
			);
			name = TheApiAwakens;
			productName = TheApiAwakens;
			productReference = 099CFD922187D64300DAA3BB /* TheApiAwakens.app */;
			productType = "com.apple.product-type.application";
		};
/* End PBXNativeTarget section */

/* Begin PBXProject section */
		099CFD8A2187D64300DAA3BB /* Project object */ = {
			isa = PBXProject;
			attributes = {
				LastSwiftUpdateCheck = 1000;
				LastUpgradeCheck = 1000;
				ORGANIZATIONNAME = "Round and Rhombus";
				TargetAttributes = {
					099CFD912187D64300DAA3BB = {
						CreatedOnToolsVersion = 10.0;
					};
				};
			};
			buildConfigurationList = 099CFD8D2187D64300DAA3BB /* Build configuration list for PBXProject "TheApiAwakens" */;
			compatibilityVersion = "Xcode 9.3";
			developmentRegion = en;
			hasScannedForEncodings = 0;
			knownRegions = (
				en,
				Base,
			);
			mainGroup = 099CFD892187D64300DAA3BB;
			productRefGroup = 099CFD932187D64300DAA3BB /* Products */;
			projectDirPath = "";
			projectRoot = "";
			targets = (
				099CFD912187D64300DAA3BB /* TheApiAwakens */,
			);
		};
/* End PBXProject section */

/* Begin PBXResourcesBuildPhase section */
		099CFD902187D64300DAA3BB /* Resources */ = {
			isa = PBXResourcesBuildPhase;
			buildActionMask = 2147483647;
			files = (
				0937F58721892C2A00A616C4 /* people.json in Resources */,
				0937F58921892C8100A616C4 /* starships.json in Resources */,
				099CFDA02187D64400DAA3BB /* LaunchScreen.storyboard in Resources */,
				099CFD9D2187D64400DAA3BB /* Assets.xcassets in Resources */,
				0937F58B21892CBC00A616C4 /* vehicles.json in Resources */,
				099CFD9B2187D64300DAA3BB /* Main.storyboard in Resources */,
			);
			runOnlyForDeploymentPostprocessing = 0;
		};
/* End PBXResourcesBuildPhase section */

/* Begin PBXSourcesBuildPhase section */
		099CFD8E2187D64300DAA3BB /* Sources */ = {
			isa = PBXSourcesBuildPhase;
			buildActionMask = 2147483647;
			files = (
				099CFD982187D64300DAA3BB /* ViewController.swift in Sources */,
				0937F58F2189587700A616C4 /* CategoryController.swift in Sources */,
				0937F5AB218A75F300A616C4 /* Measurable.swift in Sources */,
				099CFDAD2188FCC200DAA3BB /* StatsController.swift in Sources */,
				0937F57C2189229300A616C4 /* Person.swift in Sources */,
				0937F59A218A36BE00A616C4 /* PersonViewModel.swift in Sources */,
				0937F5AD218A7E7200A616C4 /* Priceable.swift in Sources */,
				0937F584218929F200A616C4 /* Stub.swift in Sources */,
				0937F5A9218A664500A616C4 /* MeasurableViewModel.swift in Sources */,
				0937F580218924F300A616C4 /* Starship.swift in Sources */,
				09A4E36121A4A02500793F37 /* Cache.swift in Sources */,
				0937F58D218955CC00A616C4 /* Category.swift in Sources */,
				0937F59F218A578300A616C4 /* StarshipViewModel.swift in Sources */,
				09A4E35F21A3C71D00793F37 /* Page.swift in Sources */,
				0937F5AF218A7F3900A616C4 /* PriceableViewModel.swift in Sources */,
				09A4E35B21A3C06C00793F37 /* SwapiError.swift in Sources */,
				0937F582218926FB00A616C4 /* Vehicle.swift in Sources */,
				0937F5B1218A839100A616C4 /* VehicleViewModel.swift in Sources */,
				099CFD962187D64300DAA3BB /* AppDelegate.swift in Sources */,
				09E622A8218B716D00CFD5DC /* UITextFieldExtension.swift in Sources */,
				09A4E35421A37F0700793F37 /* Endpoint.swift in Sources */,
				0937F594218A241900A616C4 /* Resource.swift in Sources */,
				09E622AE218B79BE00CFD5DC /* KeyboardManager.swift in Sources */,
				0937F5B4218AB82300A616C4 /* NumberTextFieldDelegate.swift in Sources */,
				0937F57E2189230200A616C4 /* Planet.swift in Sources */,
				0937F592218A23C100A616C4 /* ResourcePickerDataSource.swift in Sources */,
				09A4E35921A3BE9D00793F37 /* SwapiClient.swift in Sources */,
				09A4E36321A4AF0900793F37 /* DownloadManager.swift in Sources */,
			);
			runOnlyForDeploymentPostprocessing = 0;
		};
/* End PBXSourcesBuildPhase section */

/* Begin PBXVariantGroup section */
		099CFD992187D64300DAA3BB /* Main.storyboard */ = {
			isa = PBXVariantGroup;
			children = (
				099CFD9A2187D64300DAA3BB /* Base */,
			);
			name = Main.storyboard;
			sourceTree = "<group>";
		};
		099CFD9E2187D64400DAA3BB /* LaunchScreen.storyboard */ = {
			isa = PBXVariantGroup;
			children = (
				099CFD9F2187D64400DAA3BB /* Base */,
			);
			name = LaunchScreen.storyboard;
			sourceTree = "<group>";
		};
/* End PBXVariantGroup section */

/* Begin XCBuildConfiguration section */
		099CFDA22187D64400DAA3BB /* Debug */ = {
			isa = XCBuildConfiguration;
			buildSettings = {
				ALWAYS_SEARCH_USER_PATHS = NO;
				CLANG_ANALYZER_NONNULL = YES;
				CLANG_ANALYZER_NUMBER_OBJECT_CONVERSION = YES_AGGRESSIVE;
				CLANG_CXX_LANGUAGE_STANDARD = "gnu++14";
				CLANG_CXX_LIBRARY = "libc++";
				CLANG_ENABLE_MODULES = YES;
				CLANG_ENABLE_OBJC_ARC = YES;
				CLANG_ENABLE_OBJC_WEAK = YES;
				CLANG_WARN_BLOCK_CAPTURE_AUTORELEASING = YES;
				CLANG_WARN_BOOL_CONVERSION = YES;
				CLANG_WARN_COMMA = YES;
				CLANG_WARN_CONSTANT_CONVERSION = YES;
				CLANG_WARN_DEPRECATED_OBJC_IMPLEMENTATIONS = YES;
				CLANG_WARN_DIRECT_OBJC_ISA_USAGE = YES_ERROR;
				CLANG_WARN_DOCUMENTATION_COMMENTS = YES;
				CLANG_WARN_EMPTY_BODY = YES;
				CLANG_WARN_ENUM_CONVERSION = YES;
				CLANG_WARN_INFINITE_RECURSION = YES;
				CLANG_WARN_INT_CONVERSION = YES;
				CLANG_WARN_NON_LITERAL_NULL_CONVERSION = YES;
				CLANG_WARN_OBJC_IMPLICIT_RETAIN_SELF = YES;
				CLANG_WARN_OBJC_LITERAL_CONVERSION = YES;
				CLANG_WARN_OBJC_ROOT_CLASS = YES_ERROR;
				CLANG_WARN_RANGE_LOOP_ANALYSIS = YES;
				CLANG_WARN_STRICT_PROTOTYPES = YES;
				CLANG_WARN_SUSPICIOUS_MOVE = YES;
				CLANG_WARN_UNGUARDED_AVAILABILITY = YES_AGGRESSIVE;
				CLANG_WARN_UNREACHABLE_CODE = YES;
				CLANG_WARN__DUPLICATE_METHOD_MATCH = YES;
				CODE_SIGN_IDENTITY = "iPhone Developer";
				COPY_PHASE_STRIP = NO;
				DEBUG_INFORMATION_FORMAT = dwarf;
				ENABLE_STRICT_OBJC_MSGSEND = YES;
				ENABLE_TESTABILITY = YES;
				GCC_C_LANGUAGE_STANDARD = gnu11;
				GCC_DYNAMIC_NO_PIC = NO;
				GCC_NO_COMMON_BLOCKS = YES;
				GCC_OPTIMIZATION_LEVEL = 0;
				GCC_PREPROCESSOR_DEFINITIONS = (
					"DEBUG=1",
					"$(inherited)",
				);
				GCC_WARN_64_TO_32_BIT_CONVERSION = YES;
				GCC_WARN_ABOUT_RETURN_TYPE = YES_ERROR;
				GCC_WARN_UNDECLARED_SELECTOR = YES;
				GCC_WARN_UNINITIALIZED_AUTOS = YES_AGGRESSIVE;
				GCC_WARN_UNUSED_FUNCTION = YES;
				GCC_WARN_UNUSED_VARIABLE = YES;
				IPHONEOS_DEPLOYMENT_TARGET = 12.0;
				MTL_ENABLE_DEBUG_INFO = INCLUDE_SOURCE;
				MTL_FAST_MATH = YES;
				ONLY_ACTIVE_ARCH = YES;
				SDKROOT = iphoneos;
				SWIFT_ACTIVE_COMPILATION_CONDITIONS = DEBUG;
				SWIFT_OPTIMIZATION_LEVEL = "-Onone";
			};
			name = Debug;
		};
		099CFDA32187D64400DAA3BB /* Release */ = {
			isa = XCBuildConfiguration;
			buildSettings = {
				ALWAYS_SEARCH_USER_PATHS = NO;
				CLANG_ANALYZER_NONNULL = YES;
				CLANG_ANALYZER_NUMBER_OBJECT_CONVERSION = YES_AGGRESSIVE;
				CLANG_CXX_LANGUAGE_STANDARD = "gnu++14";
				CLANG_CXX_LIBRARY = "libc++";
				CLANG_ENABLE_MODULES = YES;
				CLANG_ENABLE_OBJC_ARC = YES;
				CLANG_ENABLE_OBJC_WEAK = YES;
				CLANG_WARN_BLOCK_CAPTURE_AUTORELEASING = YES;
				CLANG_WARN_BOOL_CONVERSION = YES;
				CLANG_WARN_COMMA = YES;
				CLANG_WARN_CONSTANT_CONVERSION = YES;
				CLANG_WARN_DEPRECATED_OBJC_IMPLEMENTATIONS = YES;
				CLANG_WARN_DIRECT_OBJC_ISA_USAGE = YES_ERROR;
				CLANG_WARN_DOCUMENTATION_COMMENTS = YES;
				CLANG_WARN_EMPTY_BODY = YES;
				CLANG_WARN_ENUM_CONVERSION = YES;
				CLANG_WARN_INFINITE_RECURSION = YES;
				CLANG_WARN_INT_CONVERSION = YES;
				CLANG_WARN_NON_LITERAL_NULL_CONVERSION = YES;
				CLANG_WARN_OBJC_IMPLICIT_RETAIN_SELF = YES;
				CLANG_WARN_OBJC_LITERAL_CONVERSION = YES;
				CLANG_WARN_OBJC_ROOT_CLASS = YES_ERROR;
				CLANG_WARN_RANGE_LOOP_ANALYSIS = YES;
				CLANG_WARN_STRICT_PROTOTYPES = YES;
				CLANG_WARN_SUSPICIOUS_MOVE = YES;
				CLANG_WARN_UNGUARDED_AVAILABILITY = YES_AGGRESSIVE;
				CLANG_WARN_UNREACHABLE_CODE = YES;
				CLANG_WARN__DUPLICATE_METHOD_MATCH = YES;
				CODE_SIGN_IDENTITY = "iPhone Developer";
				COPY_PHASE_STRIP = NO;
				DEBUG_INFORMATION_FORMAT = "dwarf-with-dsym";
				ENABLE_NS_ASSERTIONS = NO;
				ENABLE_STRICT_OBJC_MSGSEND = YES;
				GCC_C_LANGUAGE_STANDARD = gnu11;
				GCC_NO_COMMON_BLOCKS = YES;
				GCC_WARN_64_TO_32_BIT_CONVERSION = YES;
				GCC_WARN_ABOUT_RETURN_TYPE = YES_ERROR;
				GCC_WARN_UNDECLARED_SELECTOR = YES;
				GCC_WARN_UNINITIALIZED_AUTOS = YES_AGGRESSIVE;
				GCC_WARN_UNUSED_FUNCTION = YES;
				GCC_WARN_UNUSED_VARIABLE = YES;
				IPHONEOS_DEPLOYMENT_TARGET = 12.0;
				MTL_ENABLE_DEBUG_INFO = NO;
				MTL_FAST_MATH = YES;
				SDKROOT = iphoneos;
				SWIFT_COMPILATION_MODE = wholemodule;
				SWIFT_OPTIMIZATION_LEVEL = "-O";
				VALIDATE_PRODUCT = YES;
			};
			name = Release;
		};
		099CFDA52187D64400DAA3BB /* Debug */ = {
			isa = XCBuildConfiguration;
			buildSettings = {
				ASSETCATALOG_COMPILER_APPICON_NAME = AppIcon;
				CODE_SIGN_STYLE = Automatic;
				DEVELOPMENT_TEAM = HNRE2G9YKL;
				INFOPLIST_FILE = TheApiAwakens/Info.plist;
				LD_RUNPATH_SEARCH_PATHS = (
					"$(inherited)",
					"@executable_path/Frameworks",
				);
				PRODUCT_BUNDLE_IDENTIFIER = com.roundandrhombus.TheApiAwakens;
				PRODUCT_NAME = "$(TARGET_NAME)";
				SWIFT_VERSION = 4.2;
				TARGETED_DEVICE_FAMILY = "1,2";
			};
			name = Debug;
		};
		099CFDA62187D64400DAA3BB /* Release */ = {
			isa = XCBuildConfiguration;
			buildSettings = {
				ASSETCATALOG_COMPILER_APPICON_NAME = AppIcon;
				CODE_SIGN_STYLE = Automatic;
				DEVELOPMENT_TEAM = HNRE2G9YKL;
				INFOPLIST_FILE = TheApiAwakens/Info.plist;
				LD_RUNPATH_SEARCH_PATHS = (
					"$(inherited)",
					"@executable_path/Frameworks",
				);
				PRODUCT_BUNDLE_IDENTIFIER = com.roundandrhombus.TheApiAwakens;
				PRODUCT_NAME = "$(TARGET_NAME)";
				SWIFT_VERSION = 4.2;
				TARGETED_DEVICE_FAMILY = "1,2";
			};
			name = Release;
		};
/* End XCBuildConfiguration section */

/* Begin XCConfigurationList section */
		099CFD8D2187D64300DAA3BB /* Build configuration list for PBXProject "TheApiAwakens" */ = {
			isa = XCConfigurationList;
			buildConfigurations = (
				099CFDA22187D64400DAA3BB /* Debug */,
				099CFDA32187D64400DAA3BB /* Release */,
			);
			defaultConfigurationIsVisible = 0;
			defaultConfigurationName = Release;
		};
		099CFDA42187D64400DAA3BB /* Build configuration list for PBXNativeTarget "TheApiAwakens" */ = {
			isa = XCConfigurationList;
			buildConfigurations = (
				099CFDA52187D64400DAA3BB /* Debug */,
				099CFDA62187D64400DAA3BB /* Release */,
			);
			defaultConfigurationIsVisible = 0;
			defaultConfigurationName = Release;
		};
/* End XCConfigurationList section */
	};
	rootObject = 099CFD8A2187D64300DAA3BB /* Project object */;
}
